
Microsoft Visual Studio Solution File, Format Version 12.00
# Visual Studio Version 17
VisualStudioVersion = 17.7.34221.43
MinimumVisualStudioVersion = 10.0.40219.1
Project("{FAE04EC0-301F-11D3-BF4B-00C04F79EFBC}") = "12", "12\12.csproj", "{2E98FA8F-CB37-4FBD-B45C-9115A71B59B8}"
EndProject
Global
	GlobalSection(SolutionConfigurationPlatforms) = preSolution
		Debug|Any CPU = Debug|Any CPU
		Release|Any CPU = Release|Any CPU
	EndGlobalSection
	GlobalSection(ProjectConfigurationPlatforms) = postSolution
		{2E98FA8F-CB37-4FBD-B45C-9115A71B59B8}.Debug|Any CPU.ActiveCfg = Debug|Any CPU
		{2E98FA8F-CB37-4FBD-B45C-9115A71B59B8}.Debug|Any CPU.Build.0 = Debug|Any CPU
		{2E98FA8F-CB37-4FBD-B45C-9115A71B59B8}.Release|Any CPU.ActiveCfg = Release|Any CPU
		{2E98FA8F-CB37-4FBD-B45C-9115A71B59B8}.Release|Any CPU.Build.0 = Release|Any CPU
	EndGlobalSection
	GlobalSection(SolutionProperties) = preSolution
		HideSolutionNode = FALSE
	EndGlobalSection
	GlobalSection(ExtensibilityGlobals) = postSolution
		SolutionGuid = {A21A949A-F82F-47B6-9895-00A134E42994}
	EndGlobalSection
EndGlobal
