
Microsoft Visual Studio Solution File, Format Version 12.00
# Visual Studio Version 17
VisualStudioVersion = 17.7.34221.43
MinimumVisualStudioVersion = 10.0.40219.1
Project("{FAE04EC0-301F-11D3-BF4B-00C04F79EFBC}") = "15", "15\15.csproj", "{108C47FE-1C71-413D-A736-0C8979DF4465}"
EndProject
Global
	GlobalSection(SolutionConfigurationPlatforms) = preSolution
		Debug|Any CPU = Debug|Any CPU
		Release|Any CPU = Release|Any CPU
	EndGlobalSection
	GlobalSection(ProjectConfigurationPlatforms) = postSolution
		{108C47FE-1C71-413D-A736-0C8979DF4465}.Debug|Any CPU.ActiveCfg = Debug|Any CPU
		{108C47FE-1C71-413D-A736-0C8979DF4465}.Debug|Any CPU.Build.0 = Debug|Any CPU
		{108C47FE-1C71-413D-A736-0C8979DF4465}.Release|Any CPU.ActiveCfg = Release|Any CPU
		{108C47FE-1C71-413D-A736-0C8979DF4465}.Release|Any CPU.Build.0 = Release|Any CPU
	EndGlobalSection
	GlobalSection(SolutionProperties) = preSolution
		HideSolutionNode = FALSE
	EndGlobalSection
	GlobalSection(ExtensibilityGlobals) = postSolution
		SolutionGuid = {08B5018C-97CB-4AE6-8C2D-AF062A6F8585}
	EndGlobalSection
EndGlobal
