
Microsoft Visual Studio Solution File, Format Version 12.00
# Visual Studio Version 17
VisualStudioVersion = 17.7.34221.43
MinimumVisualStudioVersion = 10.0.40219.1
Project("{FAE04EC0-301F-11D3-BF4B-00C04F79EFBC}") = "8", "8\8.csproj", "{044026E2-7E11-44BD-910C-72F884314761}"
EndProject
Global
	GlobalSection(SolutionConfigurationPlatforms) = preSolution
		Debug|Any CPU = Debug|Any CPU
		Release|Any CPU = Release|Any CPU
	EndGlobalSection
	GlobalSection(ProjectConfigurationPlatforms) = postSolution
		{044026E2-7E11-44BD-910C-72F884314761}.Debug|Any CPU.ActiveCfg = Debug|Any CPU
		{044026E2-7E11-44BD-910C-72F884314761}.Debug|Any CPU.Build.0 = Debug|Any CPU
		{044026E2-7E11-44BD-910C-72F884314761}.Release|Any CPU.ActiveCfg = Release|Any CPU
		{044026E2-7E11-44BD-910C-72F884314761}.Release|Any CPU.Build.0 = Release|Any CPU
	EndGlobalSection
	GlobalSection(SolutionProperties) = preSolution
		HideSolutionNode = FALSE
	EndGlobalSection
	GlobalSection(ExtensibilityGlobals) = postSolution
		SolutionGuid = {DA9B055D-49EE-4D01-9E40-3ADA11D948F3}
	EndGlobalSection
EndGlobal
